<?xml version="1.0" encoding="utf-8"?>
<Project ToolsVersion="4.0" xmlns="http://schemas.microsoft.com/developer/msbuild/2003">
  <ItemGroup>
    <Filter Include="Исходные файлы">
      <UniqueIdentifier>{4FC737F1-C7A5-4376-A066-2A32D752A2FF}</UniqueIdentifier>
      <Extensions>cpp;c;cc;cxx;c++;def;odl;idl;hpj;bat;asm;asmx</Extensions>
    </Filter>
    <Filter Include="Файлы заголовков">
      <UniqueIdentifier>{93995380-89BD-4b04-88EB-625FBE52EBFB}</UniqueIdentifier>
      <Extensions>h;hh;hpp;hxx;h++;hm;inl;inc;ipp;xsd</Extensions>
    </Filter>
    <Filter Include="Файлы ресурсов">
      <UniqueIdentifier>{67DA6AB6-F800-4c08-8B7A-83BB121AAD01}</UniqueIdentifier>
      <Extensions>rc;ico;cur;bmp;dlg;rc2;rct;bin;rgs;gif;jpg;jpeg;jpe;resx;tiff;tif;png;wav;mfcribbon-ms</Extensions>
    </Filter>
    <Filter Include="Iterators">
      <UniqueIdentifier>{87defe28-8b04-435a-8240-f00cc99c3dee}</UniqueIdentifier>
    </Filter>
    <Filter Include="Test">
      <UniqueIdentifier>{24e5b415-5d75-4141-80ee-39b5a8293785}</UniqueIdentifier>
    </Filter>
    <Filter Include="Test\Headers">
      <UniqueIdentifier>{7a8fcb0e-fdf7-4a38-bcb0-7cb8de3c6bf8}</UniqueIdentifier>
    </Filter>
    <Filter Include="Test\Sources">
      <UniqueIdentifier>{2674532d-c48f-4cf2-824e-04c26908015c}</UniqueIdentifier>
    </Filter>
    <Filter Include="SequenceTests">
      <UniqueIdentifier>{a14f01a4-9618-4499-9be8-be2fae47e31e}</UniqueIdentifier>
    </Filter>
    <Filter Include="SequenceTests\Headers">
      <UniqueIdentifier>{f2cab357-ca53-45d8-a1f3-bdd64d8f6506}</UniqueIdentifier>
    </Filter>
    <Filter Include="SequenceTests\Sources">
      <UniqueIdentifier>{763e0615-9f88-46b6-8964-588c47fdd2aa}</UniqueIdentifier>
    </Filter>
  </ItemGroup>
  <ItemGroup>
    <ClInclude Include="DynamicArray.h">
      <Filter>Файлы заголовков</Filter>
    </ClInclude>
    <ClInclude Include="Node.h">
      <Filter>Файлы заголовков</Filter>
    </ClInclude>
    <ClInclude Include="LinkedList.h">
      <Filter>Файлы заголовков</Filter>
    </ClInclude>
    <ClInclude Include="Sequence.h">
      <Filter>Файлы заголовков</Filter>
    </ClInclude>
    <ClInclude Include="ArraySequence.h">
      <Filter>Файлы заголовков</Filter>
    </ClInclude>
    <ClInclude Include="ListSequence.h">
      <Filter>Файлы заголовков</Filter>
    </ClInclude>
    <ClInclude Include="ListIterator.h">
      <Filter>Iterators</Filter>
    </ClInclude>
    <ClInclude Include="MutableListIterator.h">
      <Filter>Iterators</Filter>
    </ClInclude>
    <ClInclude Include="SequenceIterator.h">
      <Filter>Iterators</Filter>
    </ClInclude>
    <ClInclude Include="MutableSequenceIterator.h">
      <Filter>Iterators</Filter>
    </ClInclude>
    <ClInclude Include="ArrayIterator.h">
      <Filter>Iterators</Filter>
    </ClInclude>
    <ClInclude Include="MutableArrayIterator.h">
      <Filter>Iterators</Filter>
    </ClInclude>
    <ClInclude Include="AssertionException.h">
      <Filter>Test\Headers</Filter>
    </ClInclude>
    <ClInclude Include="TestEnvironment.h">
      <Filter>Test\Headers</Filter>
    </ClInclude>
    <ClInclude Include="UnitTest.h">
      <Filter>Test\Headers</Filter>
    </ClInclude>
    <ClInclude Include="SequenceAssertions.h">
      <Filter>SequenceTests</Filter>
    </ClInclude>
    <ClInclude Include="ArraySequenceTests.h">
      <Filter>SequenceTests\Headers</Filter>
    </ClInclude>
    <ClInclude Include="Test.h">
      <Filter>SequenceTests\Headers</Filter>
    </ClInclude>
    <ClInclude Include="ITestCase.h">
      <Filter>Test\Headers</Filter>
    </ClInclude>
    <ClInclude Include="TestCase.h">
      <Filter>Test\Headers</Filter>
    </ClInclude>
    <ClInclude Include="ListSequenceTests.h">
      <Filter>SequenceTests\Headers</Filter>
    </ClInclude>
  </ItemGroup>
  <ItemGroup>
    <ClCompile Include="Main.cpp">
      <Filter>Исходные файлы</Filter>
    </ClCompile>
    <ClCompile Include="TestEnvironment.cpp">
      <Filter>Test\Sources</Filter>
    </ClCompile>
    <ClCompile Include="UnitTest.cpp">
      <Filter>Test\Sources</Filter>
    </ClCompile>
    <ClCompile Include="ArraySequenceTests.cpp">
      <Filter>SequenceTests\Sources</Filter>
    </ClCompile>
    <ClCompile Include="Test.cpp">
      <Filter>SequenceTests\Sources</Filter>
    </ClCompile>
    <ClCompile Include="TestCase.cpp">
      <Filter>Test\Sources</Filter>
    </ClCompile>
    <ClCompile Include="ListSequenceTests.cpp">
      <Filter>SequenceTests\Sources</Filter>
    </ClCompile>
  </ItemGroup>
</Project>